
Microsoft Visual Studio Solution File, Format Version 12.00
# Visual Studio Version 17
VisualStudioVersion = 17.9.34723.18
MinimumVisualStudioVersion = 10.0.40219.1
Project("{FAE04EC0-301F-11D3-BF4B-00C04F79EFBC}") = "WebApi", "WebApi\WebApi.csproj", "{9F5726F4-0554-4251-B6F3-B2B020426F82}"
EndProject
Global
	GlobalSection(SolutionConfigurationPlatforms) = preSolution
		Debug|Any CPU = Debug|Any CPU
		Release|Any CPU = Release|Any CPU
	EndGlobalSection
	GlobalSection(ProjectConfigurationPlatforms) = postSolution
		{9F5726F4-0554-4251-B6F3-B2B020426F82}.Debug|Any CPU.ActiveCfg = Debug|Any CPU
		{9F5726F4-0554-4251-B6F3-B2B020426F82}.Debug|Any CPU.Build.0 = Debug|Any CPU
		{9F5726F4-0554-4251-B6F3-B2B020426F82}.Release|Any CPU.ActiveCfg = Release|Any CPU
		{9F5726F4-0554-4251-B6F3-B2B020426F82}.Release|Any CPU.Build.0 = Release|Any CPU
	EndGlobalSection
	GlobalSection(SolutionProperties) = preSolution
		HideSolutionNode = FALSE
	EndGlobalSection
	GlobalSection(ExtensibilityGlobals) = postSolution
		SolutionGuid = {56B90B2F-5B27-4E22-A31B-259739370801}
	EndGlobalSection
EndGlobal
